
Microsoft Visual Studio Solution File, Format Version 12.00
# Visual Studio Version 17
VisualStudioVersion = 17.9.34607.119
MinimumVisualStudioVersion = 10.0.40219.1
Project("{FAE04EC0-301F-11D3-BF4B-00C04F79EFBC}") = "HorrorMaze", "HorrorMaze\HorrorMaze.csproj", "{086FFDE9-D0E0-4B2A-BF7B-236F16213FAC}"
EndProject
Global
	GlobalSection(SolutionConfigurationPlatforms) = preSolution
		Debug|Any CPU = Debug|Any CPU
		Release|Any CPU = Release|Any CPU
	EndGlobalSection
	GlobalSection(ProjectConfigurationPlatforms) = postSolution
		{086FFDE9-D0E0-4B2A-BF7B-236F16213FAC}.Debug|Any CPU.ActiveCfg = Debug|Any CPU
		{086FFDE9-D0E0-4B2A-BF7B-236F16213FAC}.Debug|Any CPU.Build.0 = Debug|Any CPU
		{086FFDE9-D0E0-4B2A-BF7B-236F16213FAC}.Release|Any CPU.ActiveCfg = Release|Any CPU
		{086FFDE9-D0E0-4B2A-BF7B-236F16213FAC}.Release|Any CPU.Build.0 = Release|Any CPU
	EndGlobalSection
	GlobalSection(SolutionProperties) = preSolution
		HideSolutionNode = FALSE
	EndGlobalSection
	GlobalSection(ExtensibilityGlobals) = postSolution
		SolutionGuid = {FBFC17C3-9364-436C-B040-12F0DC9DD5C6}
	EndGlobalSection
EndGlobal
